{
  "name": "marvin",
  "version": "1.0.0",
  "lockfileVersion": 1,
  "requires": true,
  "dependencies": {
    "argle": {
      "version": "1.1.1",
      "resolved": "https://registry.npmjs.org/argle/-/argle-1.1.1.tgz",
      "integrity": "sha1-DP47wDLDay9IukK5wX+J9wYH6ZQ=",
      "requires": {
        "lodash.isfunction": "^3.0.8",
        "lodash.isnumber": "^3.0.3"
      }
    },
    "array-uniq": {
      "version": "1.0.2",
      "resolved": "https://registry.npmjs.org/array-uniq/-/array-uniq-1.0.2.tgz",
      "integrity": "sha1-X8w3OSB3VyPP1k1lxkvvU7+eum0="
    },
    "capture-console": {
      "version": "1.0.1",
      "resolved": "https://registry.npmjs.org/capture-console/-/capture-console-1.0.1.tgz",
      "integrity": "sha1-22PDmscyOQGbrdf7sQFD7aOA/3E=",
      "requires": {
        "argle": "~1.1.1",
        "lodash.isfunction": "~3.0.8",
        "randomstring": "~1.1.5"
      }
    },
    "lodash.isfunction": {
      "version": "3.0.9",
      "resolved": "https://registry.npmjs.org/lodash.isfunction/-/lodash.isfunction-3.0.9.tgz",
      "integrity": "sha512-AirXNj15uRIMMPihnkInB4i3NHeb4iBtNg9WRWuK2o31S+ePwwNmDPaTL3o7dTJ+VXNZim7rFs4rxN4YU1oUJw=="
    },
    "lodash.isnumber": {
      "version": "3.0.3",
      "resolved": "https://registry.npmjs.org/lodash.isnumber/-/lodash.isnumber-3.0.3.tgz",
      "integrity": "sha1-POdoEMWSjQM1IwGsKHMX8RwLH/w="
    },
    "randomstring": {
      "version": "1.1.5",
      "resolved": "https://registry.npmjs.org/randomstring/-/randomstring-1.1.5.tgz",
      "integrity": "sha1-bfBij3XL1ZMpMNn+OrTpVqGFGMM=",
      "requires": {
        "array-uniq": "1.0.2"
      }
    },
    "safe-eval": {
      "version": "0.4.1",
      "resolved": "https://registry.npmjs.org/safe-eval/-/safe-eval-0.4.1.tgz",
      "integrity": "sha512-wmiu4RSYVZ690RP1+cv/LxfPK1dIlEN35aW7iv4SMYdqDrHbkll4+NJcHmKm7PbCuI1df1otOcPwgcc2iFR85g=="
    },
    "sandbox": {
      "version": "0.8.6",
      "resolved": "https://registry.npmjs.org/sandbox/-/sandbox-0.8.6.tgz",
      "integrity": "sha1-0WnxhRNgTjJ8m/HMOYgbC+xO17Y="
    }
  }
}
